// !$*UTF8*$!
{
	archiveVersion = 1;
	classes = {
	};
	objectVersion = 56;
	objects = {

/* Begin PBXBuildFile section */
		28A0A494160DC0338FB7D623 /* Pods_RxSwiftStudy.framework in Frameworks */ = {isa = PBXBuildFile; fileRef = C455391C4F8120D5DA62E3E5 /* Pods_RxSwiftStudy.framework */; };
		B53872632C2A36C8004B0A2E /* AppDelegate.swift in Sources */ = {isa = PBXBuildFile; fileRef = B53872622C2A36C8004B0A2E /* AppDelegate.swift */; };
		B53872652C2A36C8004B0A2E /* SceneDelegate.swift in Sources */ = {isa = PBXBuildFile; fileRef = B53872642C2A36C8004B0A2E /* SceneDelegate.swift */; };
		B53872672C2A36C8004B0A2E /* ViewController.swift in Sources */ = {isa = PBXBuildFile; fileRef = B53872662C2A36C8004B0A2E /* ViewController.swift */; };
		B538726A2C2A36C8004B0A2E /* Main.storyboard in Resources */ = {isa = PBXBuildFile; fileRef = B53872682C2A36C8004B0A2E /* Main.storyboard */; };
		B538726C2C2A36CA004B0A2E /* Assets.xcassets in Resources */ = {isa = PBXBuildFile; fileRef = B538726B2C2A36CA004B0A2E /* Assets.xcassets */; };
		B538726F2C2A36CA004B0A2E /* LaunchScreen.storyboard in Resources */ = {isa = PBXBuildFile; fileRef = B538726D2C2A36CA004B0A2E /* LaunchScreen.storyboard */; };
		B538727A2C2A36CB004B0A2E /* RxSwiftTestTests.swift in Sources */ = {isa = PBXBuildFile; fileRef = B53872792C2A36CB004B0A2E /* RxSwiftTestTests.swift */; };
		B53872842C2A36CB004B0A2E /* RxSwiftTestUITests.swift in Sources */ = {isa = PBXBuildFile; fileRef = B53872832C2A36CB004B0A2E /* RxSwiftTestUITests.swift */; };
		B53872862C2A36CB004B0A2E /* RxSwiftTestUITestsLaunchTests.swift in Sources */ = {isa = PBXBuildFile; fileRef = B53872852C2A36CB004B0A2E /* RxSwiftTestUITestsLaunchTests.swift */; };
		B55E683B2C2AE11100973096 /* PhotosViewController.swift in Sources */ = {isa = PBXBuildFile; fileRef = B55E683A2C2AE11100973096 /* PhotosViewController.swift */; };
		B598CFA12C2BEEA00056BC9F /* UIImage+Collage.swift in Sources */ = {isa = PBXBuildFile; fileRef = B598CFA02C2BEEA00056BC9F /* UIImage+Collage.swift */; };
		B598CFA32C2BFA730056BC9F /* PhotoWriter.swift in Sources */ = {isa = PBXBuildFile; fileRef = B598CFA22C2BFA730056BC9F /* PhotoWriter.swift */; };
		B5AD5E722C2BB88B00D17B90 /* PhotoCell.swift in Sources */ = {isa = PBXBuildFile; fileRef = B5AD5E712C2BB88B00D17B90 /* PhotoCell.swift */; };
		C2C6355CA31BF2CEA76D1D35 /* Pods_RxSwiftStudyTests.framework in Frameworks */ = {isa = PBXBuildFile; fileRef = 2A2AF2A7A6561F4842863CC4 /* Pods_RxSwiftStudyTests.framework */; };
		F02960B4765A6D82CF881938 /* Pods_RxSwiftStudy_RxSwiftStudyUITests.framework in Frameworks */ = {isa = PBXBuildFile; fileRef = 06FCD018A084E6C4BF812D6A /* Pods_RxSwiftStudy_RxSwiftStudyUITests.framework */; };
/* End PBXBuildFile section */

/* Begin PBXContainerItemProxy section */
		B53872762C2A36CB004B0A2E /* PBXContainerItemProxy */ = {
			isa = PBXContainerItemProxy;
			containerPortal = B53872572C2A36C8004B0A2E /* Project object */;
			proxyType = 1;
			remoteGlobalIDString = B538725E2C2A36C8004B0A2E;
			remoteInfo = RxSwiftTest;
		};
		B53872802C2A36CB004B0A2E /* PBXContainerItemProxy */ = {
			isa = PBXContainerItemProxy;
			containerPortal = B53872572C2A36C8004B0A2E /* Project object */;
			proxyType = 1;
			remoteGlobalIDString = B538725E2C2A36C8004B0A2E;
			remoteInfo = RxSwiftTest;
		};
/* End PBXContainerItemProxy section */

/* Begin PBXFileReference section */
		06FCD018A084E6C4BF812D6A /* Pods_RxSwiftStudy_RxSwiftStudyUITests.framework */ = {isa = PBXFileReference; explicitFileType = wrapper.framework; includeInIndex = 0; path = Pods_RxSwiftStudy_RxSwiftStudyUITests.framework; sourceTree = BUILT_PRODUCTS_DIR; };
		08112BF3128D2094EE96A2A6 /* Pods-RxSwiftTest.release.xcconfig */ = {isa = PBXFileReference; includeInIndex = 1; lastKnownFileType = text.xcconfig; name = "Pods-RxSwiftTest.release.xcconfig"; path = "Target Support Files/Pods-RxSwiftTest/Pods-RxSwiftTest.release.xcconfig"; sourceTree = "<group>"; };
		2A2AF2A7A6561F4842863CC4 /* Pods_RxSwiftStudyTests.framework */ = {isa = PBXFileReference; explicitFileType = wrapper.framework; includeInIndex = 0; path = Pods_RxSwiftStudyTests.framework; sourceTree = BUILT_PRODUCTS_DIR; };
		37CBBC2B296421BB12B88E3F /* Pods-RxSwiftStudy.debug.xcconfig */ = {isa = PBXFileReference; includeInIndex = 1; lastKnownFileType = text.xcconfig; name = "Pods-RxSwiftStudy.debug.xcconfig"; path = "Target Support Files/Pods-RxSwiftStudy/Pods-RxSwiftStudy.debug.xcconfig"; sourceTree = "<group>"; };
		3AB20500A6982F686C73ACE8 /* Pods-RxSwiftTest-RxSwiftTestUITests.debug.xcconfig */ = {isa = PBXFileReference; includeInIndex = 1; lastKnownFileType = text.xcconfig; name = "Pods-RxSwiftTest-RxSwiftTestUITests.debug.xcconfig"; path = "Target Support Files/Pods-RxSwiftTest-RxSwiftTestUITests/Pods-RxSwiftTest-RxSwiftTestUITests.debug.xcconfig"; sourceTree = "<group>"; };
		3E1208524E45390F6D4BA1FF /* Pods-RxSwiftStudy-RxSwiftStudyUITests.debug.xcconfig */ = {isa = PBXFileReference; includeInIndex = 1; lastKnownFileType = text.xcconfig; name = "Pods-RxSwiftStudy-RxSwiftStudyUITests.debug.xcconfig"; path = "Target Support Files/Pods-RxSwiftStudy-RxSwiftStudyUITests/Pods-RxSwiftStudy-RxSwiftStudyUITests.debug.xcconfig"; sourceTree = "<group>"; };
		592F5C0F919ECE50F371865B /* Pods-RxSwiftStudyTests.debug.xcconfig */ = {isa = PBXFileReference; includeInIndex = 1; lastKnownFileType = text.xcconfig; name = "Pods-RxSwiftStudyTests.debug.xcconfig"; path = "Target Support Files/Pods-RxSwiftStudyTests/Pods-RxSwiftStudyTests.debug.xcconfig"; sourceTree = "<group>"; };
		704D8E612A1DE93EE2AACDFC /* Pods-RxSwiftStudy.release.xcconfig */ = {isa = PBXFileReference; includeInIndex = 1; lastKnownFileType = text.xcconfig; name = "Pods-RxSwiftStudy.release.xcconfig"; path = "Target Support Files/Pods-RxSwiftStudy/Pods-RxSwiftStudy.release.xcconfig"; sourceTree = "<group>"; };
		7995D2AD4C1D4269B6627075 /* Pods-RxSwiftTestTests.release.xcconfig */ = {isa = PBXFileReference; includeInIndex = 1; lastKnownFileType = text.xcconfig; name = "Pods-RxSwiftTestTests.release.xcconfig"; path = "Target Support Files/Pods-RxSwiftTestTests/Pods-RxSwiftTestTests.release.xcconfig"; sourceTree = "<group>"; };
		9F71CC083EC407C5C18CB1B5 /* Pods-RxSwiftStudy-RxSwiftStudyUITests.release.xcconfig */ = {isa = PBXFileReference; includeInIndex = 1; lastKnownFileType = text.xcconfig; name = "Pods-RxSwiftStudy-RxSwiftStudyUITests.release.xcconfig"; path = "Target Support Files/Pods-RxSwiftStudy-RxSwiftStudyUITests/Pods-RxSwiftStudy-RxSwiftStudyUITests.release.xcconfig"; sourceTree = "<group>"; };
		B538725F2C2A36C8004B0A2E /* RxSwiftStudy.app */ = {isa = PBXFileReference; explicitFileType = wrapper.application; includeInIndex = 0; path = RxSwiftStudy.app; sourceTree = BUILT_PRODUCTS_DIR; };
		B53872622C2A36C8004B0A2E /* AppDelegate.swift */ = {isa = PBXFileReference; lastKnownFileType = sourcecode.swift; path = AppDelegate.swift; sourceTree = "<group>"; };
		B53872642C2A36C8004B0A2E /* SceneDelegate.swift */ = {isa = PBXFileReference; lastKnownFileType = sourcecode.swift; path = SceneDelegate.swift; sourceTree = "<group>"; };
		B53872662C2A36C8004B0A2E /* ViewController.swift */ = {isa = PBXFileReference; lastKnownFileType = sourcecode.swift; path = ViewController.swift; sourceTree = "<group>"; };
		B53872692C2A36C8004B0A2E /* Base */ = {isa = PBXFileReference; lastKnownFileType = file.storyboard; name = Base; path = Base.lproj/Main.storyboard; sourceTree = "<group>"; };
		B538726B2C2A36CA004B0A2E /* Assets.xcassets */ = {isa = PBXFileReference; lastKnownFileType = folder.assetcatalog; path = Assets.xcassets; sourceTree = "<group>"; };
		B538726E2C2A36CA004B0A2E /* Base */ = {isa = PBXFileReference; lastKnownFileType = file.storyboard; name = Base; path = Base.lproj/LaunchScreen.storyboard; sourceTree = "<group>"; };
		B53872702C2A36CA004B0A2E /* Info.plist */ = {isa = PBXFileReference; lastKnownFileType = text.plist.xml; path = Info.plist; sourceTree = "<group>"; };
		B53872752C2A36CB004B0A2E /* RxSwiftStudyTests.xctest */ = {isa = PBXFileReference; explicitFileType = wrapper.cfbundle; includeInIndex = 0; path = RxSwiftStudyTests.xctest; sourceTree = BUILT_PRODUCTS_DIR; };
		B53872792C2A36CB004B0A2E /* RxSwiftTestTests.swift */ = {isa = PBXFileReference; lastKnownFileType = sourcecode.swift; path = RxSwiftTestTests.swift; sourceTree = "<group>"; };
		B538727F2C2A36CB004B0A2E /* RxSwiftStudyUITests.xctest */ = {isa = PBXFileReference; explicitFileType = wrapper.cfbundle; includeInIndex = 0; path = RxSwiftStudyUITests.xctest; sourceTree = BUILT_PRODUCTS_DIR; };
		B53872832C2A36CB004B0A2E /* RxSwiftTestUITests.swift */ = {isa = PBXFileReference; lastKnownFileType = sourcecode.swift; path = RxSwiftTestUITests.swift; sourceTree = "<group>"; };
		B53872852C2A36CB004B0A2E /* RxSwiftTestUITestsLaunchTests.swift */ = {isa = PBXFileReference; lastKnownFileType = sourcecode.swift; path = RxSwiftTestUITestsLaunchTests.swift; sourceTree = "<group>"; };
		B55E683A2C2AE11100973096 /* PhotosViewController.swift */ = {isa = PBXFileReference; lastKnownFileType = sourcecode.swift; path = PhotosViewController.swift; sourceTree = "<group>"; };
		B560D83A2C2A8732008DF1D4 /* RxSwift.framework */ = {isa = PBXFileReference; explicitFileType = wrapper.framework; path = RxSwift.framework; sourceTree = BUILT_PRODUCTS_DIR; };
		B560D83E2C2A8770008DF1D4 /* RxSwift.framework */ = {isa = PBXFileReference; explicitFileType = wrapper.framework; path = RxSwift.framework; sourceTree = BUILT_PRODUCTS_DIR; };
		B598CFA02C2BEEA00056BC9F /* UIImage+Collage.swift */ = {isa = PBXFileReference; lastKnownFileType = sourcecode.swift; path = "UIImage+Collage.swift"; sourceTree = "<group>"; };
		B598CFA22C2BFA730056BC9F /* PhotoWriter.swift */ = {isa = PBXFileReference; lastKnownFileType = sourcecode.swift; path = PhotoWriter.swift; sourceTree = "<group>"; };
		B5AD5E712C2BB88B00D17B90 /* PhotoCell.swift */ = {isa = PBXFileReference; lastKnownFileType = sourcecode.swift; path = PhotoCell.swift; sourceTree = "<group>"; };
		C2C8D1AA9CAAECDA38F3BB3B /* Pods-RxSwiftStudyTests.release.xcconfig */ = {isa = PBXFileReference; includeInIndex = 1; lastKnownFileType = text.xcconfig; name = "Pods-RxSwiftStudyTests.release.xcconfig"; path = "Target Support Files/Pods-RxSwiftStudyTests/Pods-RxSwiftStudyTests.release.xcconfig"; sourceTree = "<group>"; };
		C455391C4F8120D5DA62E3E5 /* Pods_RxSwiftStudy.framework */ = {isa = PBXFileReference; explicitFileType = wrapper.framework; includeInIndex = 0; path = Pods_RxSwiftStudy.framework; sourceTree = BUILT_PRODUCTS_DIR; };
		D51E6A02DB8E47C6674F9B91 /* Pods-RxSwiftTestTests.debug.xcconfig */ = {isa = PBXFileReference; includeInIndex = 1; lastKnownFileType = text.xcconfig; name = "Pods-RxSwiftTestTests.debug.xcconfig"; path = "Target Support Files/Pods-RxSwiftTestTests/Pods-RxSwiftTestTests.debug.xcconfig"; sourceTree = "<group>"; };
		EDC99804CF0B5A3F0763196E /* Pods-RxSwiftTest.debug.xcconfig */ = {isa = PBXFileReference; includeInIndex = 1; lastKnownFileType = text.xcconfig; name = "Pods-RxSwiftTest.debug.xcconfig"; path = "Target Support Files/Pods-RxSwiftTest/Pods-RxSwiftTest.debug.xcconfig"; sourceTree = "<group>"; };
		FC18A221BF28F307186ECF6F /* Pods-RxSwiftTest-RxSwiftTestUITests.release.xcconfig */ = {isa = PBXFileReference; includeInIndex = 1; lastKnownFileType = text.xcconfig; name = "Pods-RxSwiftTest-RxSwiftTestUITests.release.xcconfig"; path = "Target Support Files/Pods-RxSwiftTest-RxSwiftTestUITests/Pods-RxSwiftTest-RxSwiftTestUITests.release.xcconfig"; sourceTree = "<group>"; };
/* End PBXFileReference section */

/* Begin PBXFrameworksBuildPhase section */
		B538725C2C2A36C8004B0A2E /* Frameworks */ = {
			isa = PBXFrameworksBuildPhase;
			buildActionMask = 2147483647;
			files = (
				28A0A494160DC0338FB7D623 /* Pods_RxSwiftStudy.framework in Frameworks */,
			);
			runOnlyForDeploymentPostprocessing = 0;
		};
		B53872722C2A36CB004B0A2E /* Frameworks */ = {
			isa = PBXFrameworksBuildPhase;
			buildActionMask = 2147483647;
			files = (
				C2C6355CA31BF2CEA76D1D35 /* Pods_RxSwiftStudyTests.framework in Frameworks */,
			);
			runOnlyForDeploymentPostprocessing = 0;
		};
		B538727C2C2A36CB004B0A2E /* Frameworks */ = {
			isa = PBXFrameworksBuildPhase;
			buildActionMask = 2147483647;
			files = (
				F02960B4765A6D82CF881938 /* Pods_RxSwiftStudy_RxSwiftStudyUITests.framework in Frameworks */,
			);
			runOnlyForDeploymentPostprocessing = 0;
		};
/* End PBXFrameworksBuildPhase section */

/* Begin PBXGroup section */
		889C6A350A8459AF80D5F628 /* Pods */ = {
			isa = PBXGroup;
			children = (
				EDC99804CF0B5A3F0763196E /* Pods-RxSwiftTest.debug.xcconfig */,
				08112BF3128D2094EE96A2A6 /* Pods-RxSwiftTest.release.xcconfig */,
				3AB20500A6982F686C73ACE8 /* Pods-RxSwiftTest-RxSwiftTestUITests.debug.xcconfig */,
				FC18A221BF28F307186ECF6F /* Pods-RxSwiftTest-RxSwiftTestUITests.release.xcconfig */,
				D51E6A02DB8E47C6674F9B91 /* Pods-RxSwiftTestTests.debug.xcconfig */,
				7995D2AD4C1D4269B6627075 /* Pods-RxSwiftTestTests.release.xcconfig */,
				37CBBC2B296421BB12B88E3F /* Pods-RxSwiftStudy.debug.xcconfig */,
				704D8E612A1DE93EE2AACDFC /* Pods-RxSwiftStudy.release.xcconfig */,
				3E1208524E45390F6D4BA1FF /* Pods-RxSwiftStudy-RxSwiftStudyUITests.debug.xcconfig */,
				9F71CC083EC407C5C18CB1B5 /* Pods-RxSwiftStudy-RxSwiftStudyUITests.release.xcconfig */,
				592F5C0F919ECE50F371865B /* Pods-RxSwiftStudyTests.debug.xcconfig */,
				C2C8D1AA9CAAECDA38F3BB3B /* Pods-RxSwiftStudyTests.release.xcconfig */,
			);
			path = Pods;
			sourceTree = "<group>";
		};
		B53872562C2A36C8004B0A2E = {
			isa = PBXGroup;
			children = (
				B53872612C2A36C8004B0A2E /* RxSwiftStudy */,
				B53872782C2A36CB004B0A2E /* RxSwiftStudyTests */,
				B53872822C2A36CB004B0A2E /* RxSwiftStudyUITests */,
				B53872602C2A36C8004B0A2E /* Products */,
				B53872932C2A3711004B0A2E /* Frameworks */,
				889C6A350A8459AF80D5F628 /* Pods */,
			);
			sourceTree = "<group>";
		};
		B53872602C2A36C8004B0A2E /* Products */ = {
			isa = PBXGroup;
			children = (
				B538725F2C2A36C8004B0A2E /* RxSwiftStudy.app */,
				B53872752C2A36CB004B0A2E /* RxSwiftStudyTests.xctest */,
				B538727F2C2A36CB004B0A2E /* RxSwiftStudyUITests.xctest */,
			);
			name = Products;
			sourceTree = "<group>";
		};
		B53872612C2A36C8004B0A2E /* RxSwiftStudy */ = {
			isa = PBXGroup;
			children = (
				B53872622C2A36C8004B0A2E /* AppDelegate.swift */,
				B53872642C2A36C8004B0A2E /* SceneDelegate.swift */,
				B53872662C2A36C8004B0A2E /* ViewController.swift */,
				B53872682C2A36C8004B0A2E /* Main.storyboard */,
				B538726B2C2A36CA004B0A2E /* Assets.xcassets */,
				B538726D2C2A36CA004B0A2E /* LaunchScreen.storyboard */,
				B53872702C2A36CA004B0A2E /* Info.plist */,
				B55E683A2C2AE11100973096 /* PhotosViewController.swift */,
				B5AD5E712C2BB88B00D17B90 /* PhotoCell.swift */,
				B598CFA02C2BEEA00056BC9F /* UIImage+Collage.swift */,
				B598CFA22C2BFA730056BC9F /* PhotoWriter.swift */,
			);
			path = RxSwiftStudy;
			sourceTree = "<group>";
		};
		B53872782C2A36CB004B0A2E /* RxSwiftStudyTests */ = {
			isa = PBXGroup;
			children = (
				B53872792C2A36CB004B0A2E /* RxSwiftTestTests.swift */,
			);
			path = RxSwiftStudyTests;
			sourceTree = "<group>";
		};
		B53872822C2A36CB004B0A2E /* RxSwiftStudyUITests */ = {
			isa = PBXGroup;
			children = (
				B53872832C2A36CB004B0A2E /* RxSwiftTestUITests.swift */,
				B53872852C2A36CB004B0A2E /* RxSwiftTestUITestsLaunchTests.swift */,
			);
			path = RxSwiftStudyUITests;
			sourceTree = "<group>";
		};
		B53872932C2A3711004B0A2E /* Frameworks */ = {
			isa = PBXGroup;
			children = (
				B560D83E2C2A8770008DF1D4 /* RxSwift.framework */,
				B560D83A2C2A8732008DF1D4 /* RxSwift.framework */,
				C455391C4F8120D5DA62E3E5 /* Pods_RxSwiftStudy.framework */,
				06FCD018A084E6C4BF812D6A /* Pods_RxSwiftStudy_RxSwiftStudyUITests.framework */,
				2A2AF2A7A6561F4842863CC4 /* Pods_RxSwiftStudyTests.framework */,
			);
			name = Frameworks;
			sourceTree = "<group>";
		};
/* End PBXGroup section */

/* Begin PBXNativeTarget section */
		B538725E2C2A36C8004B0A2E /* RxSwiftStudy */ = {
			isa = PBXNativeTarget;
			buildConfigurationList = B53872892C2A36CB004B0A2E /* Build configuration list for PBXNativeTarget "RxSwiftStudy" */;
			buildPhases = (
				B5A1FED83EE84A85704273D9 /* [CP] Check Pods Manifest.lock */,
				B538725B2C2A36C8004B0A2E /* Sources */,
				B538725C2C2A36C8004B0A2E /* Frameworks */,
				B538725D2C2A36C8004B0A2E /* Resources */,
				F8D7DB1EE89C788A8F86F324 /* [CP] Embed Pods Frameworks */,
			);
			buildRules = (
			);
			dependencies = (
			);
			name = RxSwiftStudy;
			productName = RxSwiftTest;
			productReference = B538725F2C2A36C8004B0A2E /* RxSwiftStudy.app */;
			productType = "com.apple.product-type.application";
		};
		B53872742C2A36CB004B0A2E /* RxSwiftStudyTests */ = {
			isa = PBXNativeTarget;
			buildConfigurationList = B538728C2C2A36CB004B0A2E /* Build configuration list for PBXNativeTarget "RxSwiftStudyTests" */;
			buildPhases = (
				FF69E3FE1E29D8F7B47E3FD5 /* [CP] Check Pods Manifest.lock */,
				B53872712C2A36CB004B0A2E /* Sources */,
				B53872722C2A36CB004B0A2E /* Frameworks */,
				B53872732C2A36CB004B0A2E /* Resources */,
			);
			buildRules = (
			);
			dependencies = (
				B53872772C2A36CB004B0A2E /* PBXTargetDependency */,
			);
			name = RxSwiftStudyTests;
			productName = RxSwiftTestTests;
			productReference = B53872752C2A36CB004B0A2E /* RxSwiftStudyTests.xctest */;
			productType = "com.apple.product-type.bundle.unit-test";
		};
		B538727E2C2A36CB004B0A2E /* RxSwiftStudyUITests */ = {
			isa = PBXNativeTarget;
			buildConfigurationList = B538728F2C2A36CB004B0A2E /* Build configuration list for PBXNativeTarget "RxSwiftStudyUITests" */;
			buildPhases = (
				528D2B7EABD9459DDE5D3BF3 /* [CP] Check Pods Manifest.lock */,
				B538727B2C2A36CB004B0A2E /* Sources */,
				B538727C2C2A36CB004B0A2E /* Frameworks */,
				B538727D2C2A36CB004B0A2E /* Resources */,
				51AECEE8BB0B1D3F078C0787 /* [CP] Embed Pods Frameworks */,
			);
			buildRules = (
			);
			dependencies = (
				B53872812C2A36CB004B0A2E /* PBXTargetDependency */,
			);
			name = RxSwiftStudyUITests;
			productName = RxSwiftTestUITests;
			productReference = B538727F2C2A36CB004B0A2E /* RxSwiftStudyUITests.xctest */;
			productType = "com.apple.product-type.bundle.ui-testing";
		};
/* End PBXNativeTarget section */

/* Begin PBXProject section */
		B53872572C2A36C8004B0A2E /* Project object */ = {
			isa = PBXProject;
			attributes = {
				BuildIndependentTargetsInParallel = 1;
				LastSwiftUpdateCheck = 1520;
				LastUpgradeCheck = 1520;
				TargetAttributes = {
					B538725E2C2A36C8004B0A2E = {
						CreatedOnToolsVersion = 15.2;
					};
					B53872742C2A36CB004B0A2E = {
						CreatedOnToolsVersion = 15.2;
						TestTargetID = B538725E2C2A36C8004B0A2E;
					};
					B538727E2C2A36CB004B0A2E = {
						CreatedOnToolsVersion = 15.2;
						TestTargetID = B538725E2C2A36C8004B0A2E;
					};
				};
			};
			buildConfigurationList = B538725A2C2A36C8004B0A2E /* Build configuration list for PBXProject "RxSwiftStudy" */;
			compatibilityVersion = "Xcode 14.0";
			developmentRegion = en;
			hasScannedForEncodings = 0;
			knownRegions = (
				en,
				Base,
			);
			mainGroup = B53872562C2A36C8004B0A2E;
			productRefGroup = B53872602C2A36C8004B0A2E /* Products */;
			projectDirPath = "";
			projectRoot = "";
			targets = (
				B538725E2C2A36C8004B0A2E /* RxSwiftStudy */,
				B53872742C2A36CB004B0A2E /* RxSwiftStudyTests */,
				B538727E2C2A36CB004B0A2E /* RxSwiftStudyUITests */,
			);
		};
/* End PBXProject section */

/* Begin PBXResourcesBuildPhase section */
		B538725D2C2A36C8004B0A2E /* Resources */ = {
			isa = PBXResourcesBuildPhase;
			buildActionMask = 2147483647;
			files = (
				B538726F2C2A36CA004B0A2E /* LaunchScreen.storyboard in Resources */,
				B538726C2C2A36CA004B0A2E /* Assets.xcassets in Resources */,
				B538726A2C2A36C8004B0A2E /* Main.storyboard in Resources */,
			);
			runOnlyForDeploymentPostprocessing = 0;
		};
		B53872732C2A36CB004B0A2E /* Resources */ = {
			isa = PBXResourcesBuildPhase;
			buildActionMask = 2147483647;
			files = (
			);
			runOnlyForDeploymentPostprocessing = 0;
		};
		B538727D2C2A36CB004B0A2E /* Resources */ = {
			isa = PBXResourcesBuildPhase;
			buildActionMask = 2147483647;
			files = (
			);
			runOnlyForDeploymentPostprocessing = 0;
		};
/* End PBXResourcesBuildPhase section */

/* Begin PBXShellScriptBuildPhase section */
		51AECEE8BB0B1D3F078C0787 /* [CP] Embed Pods Frameworks */ = {
			isa = PBXShellScriptBuildPhase;
			buildActionMask = 2147483647;
			files = (
			);
			inputFileListPaths = (
				"${PODS_ROOT}/Target Support Files/Pods-RxSwiftStudy-RxSwiftStudyUITests/Pods-RxSwiftStudy-RxSwiftStudyUITests-frameworks-${CONFIGURATION}-input-files.xcfilelist",
			);
			name = "[CP] Embed Pods Frameworks";
			outputFileListPaths = (
				"${PODS_ROOT}/Target Support Files/Pods-RxSwiftStudy-RxSwiftStudyUITests/Pods-RxSwiftStudy-RxSwiftStudyUITests-frameworks-${CONFIGURATION}-output-files.xcfilelist",
			);
			runOnlyForDeploymentPostprocessing = 0;
			shellPath = /bin/sh;
			shellScript = "\"${PODS_ROOT}/Target Support Files/Pods-RxSwiftStudy-RxSwiftStudyUITests/Pods-RxSwiftStudy-RxSwiftStudyUITests-frameworks.sh\"\n";
			showEnvVarsInLog = 0;
		};
		528D2B7EABD9459DDE5D3BF3 /* [CP] Check Pods Manifest.lock */ = {
			isa = PBXShellScriptBuildPhase;
			buildActionMask = 2147483647;
			files = (
			);
			inputFileListPaths = (
			);
			inputPaths = (
				"${PODS_PODFILE_DIR_PATH}/Podfile.lock",
				"${PODS_ROOT}/Manifest.lock",
			);
			name = "[CP] Check Pods Manifest.lock";
			outputFileListPaths = (
			);
			outputPaths = (
				"$(DERIVED_FILE_DIR)/Pods-RxSwiftStudy-RxSwiftStudyUITests-checkManifestLockResult.txt",
			);
			runOnlyForDeploymentPostprocessing = 0;
			shellPath = /bin/sh;
			shellScript = "diff \"${PODS_PODFILE_DIR_PATH}/Podfile.lock\" \"${PODS_ROOT}/Manifest.lock\" > /dev/null\nif [ $? != 0 ] ; then\n    # print error to STDERR\n    echo \"error: The sandbox is not in sync with the Podfile.lock. Run 'pod install' or update your CocoaPods installation.\" >&2\n    exit 1\nfi\n# This output is used by Xcode 'outputs' to avoid re-running this script phase.\necho \"SUCCESS\" > \"${SCRIPT_OUTPUT_FILE_0}\"\n";
			showEnvVarsInLog = 0;
		};
		B5A1FED83EE84A85704273D9 /* [CP] Check Pods Manifest.lock */ = {
			isa = PBXShellScriptBuildPhase;
			buildActionMask = 2147483647;
			files = (
			);
			inputFileListPaths = (
			);
			inputPaths = (
				"${PODS_PODFILE_DIR_PATH}/Podfile.lock",
				"${PODS_ROOT}/Manifest.lock",
			);
			name = "[CP] Check Pods Manifest.lock";
			outputFileListPaths = (
			);
			outputPaths = (
				"$(DERIVED_FILE_DIR)/Pods-RxSwiftStudy-checkManifestLockResult.txt",
			);
			runOnlyForDeploymentPostprocessing = 0;
			shellPath = /bin/sh;
			shellScript = "diff \"${PODS_PODFILE_DIR_PATH}/Podfile.lock\" \"${PODS_ROOT}/Manifest.lock\" > /dev/null\nif [ $? != 0 ] ; then\n    # print error to STDERR\n    echo \"error: The sandbox is not in sync with the Podfile.lock. Run 'pod install' or update your CocoaPods installation.\" >&2\n    exit 1\nfi\n# This output is used by Xcode 'outputs' to avoid re-running this script phase.\necho \"SUCCESS\" > \"${SCRIPT_OUTPUT_FILE_0}\"\n";
			showEnvVarsInLog = 0;
		};
		F8D7DB1EE89C788A8F86F324 /* [CP] Embed Pods Frameworks */ = {
			isa = PBXShellScriptBuildPhase;
			buildActionMask = 2147483647;
			files = (
			);
			inputFileListPaths = (
				"${PODS_ROOT}/Target Support Files/Pods-RxSwiftStudy/Pods-RxSwiftStudy-frameworks-${CONFIGURATION}-input-files.xcfilelist",
			);
			name = "[CP] Embed Pods Frameworks";
			outputFileListPaths = (
				"${PODS_ROOT}/Target Support Files/Pods-RxSwiftStudy/Pods-RxSwiftStudy-frameworks-${CONFIGURATION}-output-files.xcfilelist",
			);
			runOnlyForDeploymentPostprocessing = 0;
			shellPath = /bin/sh;
			shellScript = "\"${PODS_ROOT}/Target Support Files/Pods-RxSwiftStudy/Pods-RxSwiftStudy-frameworks.sh\"\n";
			showEnvVarsInLog = 0;
		};
		FF69E3FE1E29D8F7B47E3FD5 /* [CP] Check Pods Manifest.lock */ = {
			isa = PBXShellScriptBuildPhase;
			buildActionMask = 2147483647;
			files = (
			);
			inputFileListPaths = (
			);
			inputPaths = (
				"${PODS_PODFILE_DIR_PATH}/Podfile.lock",
				"${PODS_ROOT}/Manifest.lock",
			);
			name = "[CP] Check Pods Manifest.lock";
			outputFileListPaths = (
			);
			outputPaths = (
				"$(DERIVED_FILE_DIR)/Pods-RxSwiftStudyTests-checkManifestLockResult.txt",
			);
			runOnlyForDeploymentPostprocessing = 0;
			shellPath = /bin/sh;
			shellScript = "diff \"${PODS_PODFILE_DIR_PATH}/Podfile.lock\" \"${PODS_ROOT}/Manifest.lock\" > /dev/null\nif [ $? != 0 ] ; then\n    # print error to STDERR\n    echo \"error: The sandbox is not in sync with the Podfile.lock. Run 'pod install' or update your CocoaPods installation.\" >&2\n    exit 1\nfi\n# This output is used by Xcode 'outputs' to avoid re-running this script phase.\necho \"SUCCESS\" > \"${SCRIPT_OUTPUT_FILE_0}\"\n";
			showEnvVarsInLog = 0;
		};
/* End PBXShellScriptBuildPhase section */

/* Begin PBXSourcesBuildPhase section */
		B538725B2C2A36C8004B0A2E /* Sources */ = {
			isa = PBXSourcesBuildPhase;
			buildActionMask = 2147483647;
			files = (
				B598CFA32C2BFA730056BC9F /* PhotoWriter.swift in Sources */,
				B53872672C2A36C8004B0A2E /* ViewController.swift in Sources */,
				B598CFA12C2BEEA00056BC9F /* UIImage+Collage.swift in Sources */,
				B5AD5E722C2BB88B00D17B90 /* PhotoCell.swift in Sources */,
				B55E683B2C2AE11100973096 /* PhotosViewController.swift in Sources */,
				B53872632C2A36C8004B0A2E /* AppDelegate.swift in Sources */,
				B53872652C2A36C8004B0A2E /* SceneDelegate.swift in Sources */,
			);
			runOnlyForDeploymentPostprocessing = 0;
		};
		B53872712C2A36CB004B0A2E /* Sources */ = {
			isa = PBXSourcesBuildPhase;
			buildActionMask = 2147483647;
			files = (
				B538727A2C2A36CB004B0A2E /* RxSwiftTestTests.swift in Sources */,
			);
			runOnlyForDeploymentPostprocessing = 0;
		};
		B538727B2C2A36CB004B0A2E /* Sources */ = {
			isa = PBXSourcesBuildPhase;
			buildActionMask = 2147483647;
			files = (
				B53872862C2A36CB004B0A2E /* RxSwiftTestUITestsLaunchTests.swift in Sources */,
				B53872842C2A36CB004B0A2E /* RxSwiftTestUITests.swift in Sources */,
			);
			runOnlyForDeploymentPostprocessing = 0;
		};
/* End PBXSourcesBuildPhase section */

/* Begin PBXTargetDependency section */
		B53872772C2A36CB004B0A2E /* PBXTargetDependency */ = {
			isa = PBXTargetDependency;
			target = B538725E2C2A36C8004B0A2E /* RxSwiftStudy */;
			targetProxy = B53872762C2A36CB004B0A2E /* PBXContainerItemProxy */;
		};
		B53872812C2A36CB004B0A2E /* PBXTargetDependency */ = {
			isa = PBXTargetDependency;
			target = B538725E2C2A36C8004B0A2E /* RxSwiftStudy */;
			targetProxy = B53872802C2A36CB004B0A2E /* PBXContainerItemProxy */;
		};
/* End PBXTargetDependency section */

/* Begin PBXVariantGroup section */
		B53872682C2A36C8004B0A2E /* Main.storyboard */ = {
			isa = PBXVariantGroup;
			children = (
				B53872692C2A36C8004B0A2E /* Base */,
			);
			name = Main.storyboard;
			sourceTree = "<group>";
		};
		B538726D2C2A36CA004B0A2E /* LaunchScreen.storyboard */ = {
			isa = PBXVariantGroup;
			children = (
				B538726E2C2A36CA004B0A2E /* Base */,
			);
			name = LaunchScreen.storyboard;
			sourceTree = "<group>";
		};
/* End PBXVariantGroup section */

/* Begin XCBuildConfiguration section */
		B53872872C2A36CB004B0A2E /* Debug */ = {
			isa = XCBuildConfiguration;
			buildSettings = {
				ALWAYS_SEARCH_USER_PATHS = NO;
				ASSETCATALOG_COMPILER_GENERATE_SWIFT_ASSET_SYMBOL_EXTENSIONS = YES;
				CLANG_ANALYZER_NONNULL = YES;
				CLANG_ANALYZER_NUMBER_OBJECT_CONVERSION = YES_AGGRESSIVE;
				CLANG_CXX_LANGUAGE_STANDARD = "gnu++20";
				CLANG_ENABLE_MODULES = YES;
				CLANG_ENABLE_OBJC_ARC = YES;
				CLANG_ENABLE_OBJC_WEAK = YES;
				CLANG_WARN_BLOCK_CAPTURE_AUTORELEASING = YES;
				CLANG_WARN_BOOL_CONVERSION = YES;
				CLANG_WARN_COMMA = YES;
				CLANG_WARN_CONSTANT_CONVERSION = YES;
				CLANG_WARN_DEPRECATED_OBJC_IMPLEMENTATIONS = YES;
				CLANG_WARN_DIRECT_OBJC_ISA_USAGE = YES_ERROR;
				CLANG_WARN_DOCUMENTATION_COMMENTS = YES;
				CLANG_WARN_EMPTY_BODY = YES;
				CLANG_WARN_ENUM_CONVERSION = YES;
				CLANG_WARN_INFINITE_RECURSION = YES;
				CLANG_WARN_INT_CONVERSION = YES;
				CLANG_WARN_NON_LITERAL_NULL_CONVERSION = YES;
				CLANG_WARN_OBJC_IMPLICIT_RETAIN_SELF = YES;
				CLANG_WARN_OBJC_LITERAL_CONVERSION = YES;
				CLANG_WARN_OBJC_ROOT_CLASS = YES_ERROR;
				CLANG_WARN_QUOTED_INCLUDE_IN_FRAMEWORK_HEADER = YES;
				CLANG_WARN_RANGE_LOOP_ANALYSIS = YES;
				CLANG_WARN_STRICT_PROTOTYPES = YES;
				CLANG_WARN_SUSPICIOUS_MOVE = YES;
				CLANG_WARN_UNGUARDED_AVAILABILITY = YES_AGGRESSIVE;
				CLANG_WARN_UNREACHABLE_CODE = YES;
				CLANG_WARN__DUPLICATE_METHOD_MATCH = YES;
				COPY_PHASE_STRIP = NO;
				DEBUG_INFORMATION_FORMAT = dwarf;
				ENABLE_STRICT_OBJC_MSGSEND = YES;
				ENABLE_TESTABILITY = YES;
				ENABLE_USER_SCRIPT_SANDBOXING = NO;
				GCC_C_LANGUAGE_STANDARD = gnu17;
				GCC_DYNAMIC_NO_PIC = NO;
				GCC_NO_COMMON_BLOCKS = YES;
				GCC_OPTIMIZATION_LEVEL = 0;
				GCC_PREPROCESSOR_DEFINITIONS = (
					"DEBUG=1",
					"$(inherited)",
				);
				GCC_WARN_64_TO_32_BIT_CONVERSION = YES;
				GCC_WARN_ABOUT_RETURN_TYPE = YES_ERROR;
				GCC_WARN_UNDECLARED_SELECTOR = YES;
				GCC_WARN_UNINITIALIZED_AUTOS = YES_AGGRESSIVE;
				GCC_WARN_UNUSED_FUNCTION = YES;
				GCC_WARN_UNUSED_VARIABLE = YES;
				IPHONEOS_DEPLOYMENT_TARGET = 17.2;
				LOCALIZATION_PREFERS_STRING_CATALOGS = YES;
				MTL_ENABLE_DEBUG_INFO = INCLUDE_SOURCE;
				MTL_FAST_MATH = YES;
				ONLY_ACTIVE_ARCH = YES;
				SDKROOT = iphoneos;
				SWIFT_ACTIVE_COMPILATION_CONDITIONS = "DEBUG $(inherited)";
				SWIFT_OPTIMIZATION_LEVEL = "-Onone";
			};
			name = Debug;
		};
		B53872882C2A36CB004B0A2E /* Release */ = {
			isa = XCBuildConfiguration;
			buildSettings = {
				ALWAYS_SEARCH_USER_PATHS = NO;
				ASSETCATALOG_COMPILER_GENERATE_SWIFT_ASSET_SYMBOL_EXTENSIONS = YES;
				CLANG_ANALYZER_NONNULL = YES;
				CLANG_ANALYZER_NUMBER_OBJECT_CONVERSION = YES_AGGRESSIVE;
				CLANG_CXX_LANGUAGE_STANDARD = "gnu++20";
				CLANG_ENABLE_MODULES = YES;
				CLANG_ENABLE_OBJC_ARC = YES;
				CLANG_ENABLE_OBJC_WEAK = YES;
				CLANG_WARN_BLOCK_CAPTURE_AUTORELEASING = YES;
				CLANG_WARN_BOOL_CONVERSION = YES;
				CLANG_WARN_COMMA = YES;
				CLANG_WARN_CONSTANT_CONVERSION = YES;
				CLANG_WARN_DEPRECATED_OBJC_IMPLEMENTATIONS = YES;
				CLANG_WARN_DIRECT_OBJC_ISA_USAGE = YES_ERROR;
				CLANG_WARN_DOCUMENTATION_COMMENTS = YES;
				CLANG_WARN_EMPTY_BODY = YES;
				CLANG_WARN_ENUM_CONVERSION = YES;
				CLANG_WARN_INFINITE_RECURSION = YES;
				CLANG_WARN_INT_CONVERSION = YES;
				CLANG_WARN_NON_LITERAL_NULL_CONVERSION = YES;
				CLANG_WARN_OBJC_IMPLICIT_RETAIN_SELF = YES;
				CLANG_WARN_OBJC_LITERAL_CONVERSION = YES;
				CLANG_WARN_OBJC_ROOT_CLASS = YES_ERROR;
				CLANG_WARN_QUOTED_INCLUDE_IN_FRAMEWORK_HEADER = YES;
				CLANG_WARN_RANGE_LOOP_ANALYSIS = YES;
				CLANG_WARN_STRICT_PROTOTYPES = YES;
				CLANG_WARN_SUSPICIOUS_MOVE = YES;
				CLANG_WARN_UNGUARDED_AVAILABILITY = YES_AGGRESSIVE;
				CLANG_WARN_UNREACHABLE_CODE = YES;
				CLANG_WARN__DUPLICATE_METHOD_MATCH = YES;
				COPY_PHASE_STRIP = NO;
				DEBUG_INFORMATION_FORMAT = "dwarf-with-dsym";
				ENABLE_NS_ASSERTIONS = NO;
				ENABLE_STRICT_OBJC_MSGSEND = YES;
				ENABLE_USER_SCRIPT_SANDBOXING = NO;
				GCC_C_LANGUAGE_STANDARD = gnu17;
				GCC_NO_COMMON_BLOCKS = YES;
				GCC_WARN_64_TO_32_BIT_CONVERSION = YES;
				GCC_WARN_ABOUT_RETURN_TYPE = YES_ERROR;
				GCC_WARN_UNDECLARED_SELECTOR = YES;
				GCC_WARN_UNINITIALIZED_AUTOS = YES_AGGRESSIVE;
				GCC_WARN_UNUSED_FUNCTION = YES;
				GCC_WARN_UNUSED_VARIABLE = YES;
				IPHONEOS_DEPLOYMENT_TARGET = 17.2;
				LOCALIZATION_PREFERS_STRING_CATALOGS = YES;
				MTL_ENABLE_DEBUG_INFO = NO;
				MTL_FAST_MATH = YES;
				SDKROOT = iphoneos;
				SWIFT_COMPILATION_MODE = wholemodule;
				VALIDATE_PRODUCT = YES;
			};
			name = Release;
		};
		B538728A2C2A36CB004B0A2E /* Debug */ = {
			isa = XCBuildConfiguration;
			baseConfigurationReference = 37CBBC2B296421BB12B88E3F /* Pods-RxSwiftStudy.debug.xcconfig */;
			buildSettings = {
				ASSETCATALOG_COMPILER_APPICON_NAME = AppIcon;
				ASSETCATALOG_COMPILER_GLOBAL_ACCENT_COLOR_NAME = AccentColor;
				CODE_SIGN_STYLE = Automatic;
				CURRENT_PROJECT_VERSION = 1;
				DEVELOPMENT_TEAM = M82N55553U;
				GENERATE_INFOPLIST_FILE = YES;
				INFOPLIST_FILE = RxSwiftStudy/Info.plist;
				INFOPLIST_KEY_UIApplicationSupportsIndirectInputEvents = YES;
				INFOPLIST_KEY_UILaunchStoryboardName = LaunchScreen;
				INFOPLIST_KEY_UIMainStoryboardFile = Main;
				INFOPLIST_KEY_UISupportedInterfaceOrientations_iPad = "UIInterfaceOrientationPortrait UIInterfaceOrientationPortraitUpsideDown UIInterfaceOrientationLandscapeLeft UIInterfaceOrientationLandscapeRight";
				INFOPLIST_KEY_UISupportedInterfaceOrientations_iPhone = "UIInterfaceOrientationPortrait UIInterfaceOrientationLandscapeLeft UIInterfaceOrientationLandscapeRight";
				LD_RUNPATH_SEARCH_PATHS = (
					"$(inherited)",
					"@executable_path/Frameworks",
				);
				MARKETING_VERSION = 1.0;
				PRODUCT_BUNDLE_IDENTIFIER = minjae.RxSwiftTest;
				PRODUCT_NAME = "$(TARGET_NAME)";
				SWIFT_EMIT_LOC_STRINGS = YES;
				SWIFT_VERSION = 5.0;
				TARGETED_DEVICE_FAMILY = "1,2";
			};
			name = Debug;
		};
		B538728B2C2A36CB004B0A2E /* Release */ = {
			isa = XCBuildConfiguration;
			baseConfigurationReference = 704D8E612A1DE93EE2AACDFC /* Pods-RxSwiftStudy.release.xcconfig */;
			buildSettings = {
				ASSETCATALOG_COMPILER_APPICON_NAME = AppIcon;
				ASSETCATALOG_COMPILER_GLOBAL_ACCENT_COLOR_NAME = AccentColor;
				CODE_SIGN_STYLE = Automatic;
				CURRENT_PROJECT_VERSION = 1;
				DEVELOPMENT_TEAM = M82N55553U;
				GENERATE_INFOPLIST_FILE = YES;
				INFOPLIST_FILE = RxSwiftStudy/Info.plist;
				INFOPLIST_KEY_UIApplicationSupportsIndirectInputEvents = YES;
				INFOPLIST_KEY_UILaunchStoryboardName = LaunchScreen;
				INFOPLIST_KEY_UIMainStoryboardFile = Main;
				INFOPLIST_KEY_UISupportedInterfaceOrientations_iPad = "UIInterfaceOrientationPortrait UIInterfaceOrientationPortraitUpsideDown UIInterfaceOrientationLandscapeLeft UIInterfaceOrientationLandscapeRight";
				INFOPLIST_KEY_UISupportedInterfaceOrientations_iPhone = "UIInterfaceOrientationPortrait UIInterfaceOrientationLandscapeLeft UIInterfaceOrientationLandscapeRight";
				LD_RUNPATH_SEARCH_PATHS = (
					"$(inherited)",
					"@executable_path/Frameworks",
				);
				MARKETING_VERSION = 1.0;
				PRODUCT_BUNDLE_IDENTIFIER = minjae.RxSwiftTest;
				PRODUCT_NAME = "$(TARGET_NAME)";
				SWIFT_EMIT_LOC_STRINGS = YES;
				SWIFT_VERSION = 5.0;
				TARGETED_DEVICE_FAMILY = "1,2";
			};
			name = Release;
		};
		B538728D2C2A36CB004B0A2E /* Debug */ = {
			isa = XCBuildConfiguration;
			baseConfigurationReference = 592F5C0F919ECE50F371865B /* Pods-RxSwiftStudyTests.debug.xcconfig */;
			buildSettings = {
				ALWAYS_EMBED_SWIFT_STANDARD_LIBRARIES = YES;
				BUNDLE_LOADER = "$(TEST_HOST)";
				CODE_SIGN_STYLE = Automatic;
				CURRENT_PROJECT_VERSION = 1;
				DEVELOPMENT_TEAM = M82N55553U;
				GENERATE_INFOPLIST_FILE = YES;
				IPHONEOS_DEPLOYMENT_TARGET = 17.2;
				MARKETING_VERSION = 1.0;
				PRODUCT_BUNDLE_IDENTIFIER = minjae.RxSwiftTestTests;
				PRODUCT_NAME = "$(TARGET_NAME)";
				SWIFT_EMIT_LOC_STRINGS = NO;
				SWIFT_VERSION = 5.0;
				TARGETED_DEVICE_FAMILY = "1,2";
				TEST_HOST = "$(BUILT_PRODUCTS_DIR)/RxSwiftStudy.app/$(BUNDLE_EXECUTABLE_FOLDER_PATH)/RxSwiftStudy";
			};
			name = Debug;
		};
		B538728E2C2A36CB004B0A2E /* Release */ = {
			isa = XCBuildConfiguration;
			baseConfigurationReference = C2C8D1AA9CAAECDA38F3BB3B /* Pods-RxSwiftStudyTests.release.xcconfig */;
			buildSettings = {
				ALWAYS_EMBED_SWIFT_STANDARD_LIBRARIES = YES;
				BUNDLE_LOADER = "$(TEST_HOST)";
				CODE_SIGN_STYLE = Automatic;
				CURRENT_PROJECT_VERSION = 1;
				DEVELOPMENT_TEAM = M82N55553U;
				GENERATE_INFOPLIST_FILE = YES;
				IPHONEOS_DEPLOYMENT_TARGET = 17.2;
				MARKETING_VERSION = 1.0;
				PRODUCT_BUNDLE_IDENTIFIER = minjae.RxSwiftTestTests;
				PRODUCT_NAME = "$(TARGET_NAME)";
				SWIFT_EMIT_LOC_STRINGS = NO;
				SWIFT_VERSION = 5.0;
				TARGETED_DEVICE_FAMILY = "1,2";
				TEST_HOST = "$(BUILT_PRODUCTS_DIR)/RxSwiftStudy.app/$(BUNDLE_EXECUTABLE_FOLDER_PATH)/RxSwiftStudy";
			};
			name = Release;
		};
		B53872902C2A36CB004B0A2E /* Debug */ = {
			isa = XCBuildConfiguration;
			baseConfigurationReference = 3E1208524E45390F6D4BA1FF /* Pods-RxSwiftStudy-RxSwiftStudyUITests.debug.xcconfig */;
			buildSettings = {
				ALWAYS_EMBED_SWIFT_STANDARD_LIBRARIES = YES;
				CODE_SIGN_STYLE = Automatic;
				CURRENT_PROJECT_VERSION = 1;
				DEVELOPMENT_TEAM = M82N55553U;
				GENERATE_INFOPLIST_FILE = YES;
				MARKETING_VERSION = 1.0;
				PRODUCT_BUNDLE_IDENTIFIER = minjae.RxSwiftTestUITests;
				PRODUCT_NAME = "$(TARGET_NAME)";
				SWIFT_EMIT_LOC_STRINGS = NO;
				SWIFT_VERSION = 5.0;
				TARGETED_DEVICE_FAMILY = "1,2";
				TEST_TARGET_NAME = RxSwiftTest;
			};
			name = Debug;
		};
		B53872912C2A36CB004B0A2E /* Release */ = {
			isa = XCBuildConfiguration;
			baseConfigurationReference = 9F71CC083EC407C5C18CB1B5 /* Pods-RxSwiftStudy-RxSwiftStudyUITests.release.xcconfig */;
			buildSettings = {
				ALWAYS_EMBED_SWIFT_STANDARD_LIBRARIES = YES;
				CODE_SIGN_STYLE = Automatic;
				CURRENT_PROJECT_VERSION = 1;
				DEVELOPMENT_TEAM = M82N55553U;
				GENERATE_INFOPLIST_FILE = YES;
				MARKETING_VERSION = 1.0;
				PRODUCT_BUNDLE_IDENTIFIER = minjae.RxSwiftTestUITests;
				PRODUCT_NAME = "$(TARGET_NAME)";
				SWIFT_EMIT_LOC_STRINGS = NO;
				SWIFT_VERSION = 5.0;
				TARGETED_DEVICE_FAMILY = "1,2";
				TEST_TARGET_NAME = RxSwiftTest;
			};
			name = Release;
		};
/* End XCBuildConfiguration section */

/* Begin XCConfigurationList section */
		B538725A2C2A36C8004B0A2E /* Build configuration list for PBXProject "RxSwiftStudy" */ = {
			isa = XCConfigurationList;
			buildConfigurations = (
				B53872872C2A36CB004B0A2E /* Debug */,
				B53872882C2A36CB004B0A2E /* Release */,
			);
			defaultConfigurationIsVisible = 0;
			defaultConfigurationName = Release;
		};
		B53872892C2A36CB004B0A2E /* Build configuration list for PBXNativeTarget "RxSwiftStudy" */ = {
			isa = XCConfigurationList;
			buildConfigurations = (
				B538728A2C2A36CB004B0A2E /* Debug */,
				B538728B2C2A36CB004B0A2E /* Release */,
			);
			defaultConfigurationIsVisible = 0;
			defaultConfigurationName = Release;
		};
		B538728C2C2A36CB004B0A2E /* Build configuration list for PBXNativeTarget "RxSwiftStudyTests" */ = {
			isa = XCConfigurationList;
			buildConfigurations = (
				B538728D2C2A36CB004B0A2E /* Debug */,
				B538728E2C2A36CB004B0A2E /* Release */,
			);
			defaultConfigurationIsVisible = 0;
			defaultConfigurationName = Release;
		};
		B538728F2C2A36CB004B0A2E /* Build configuration list for PBXNativeTarget "RxSwiftStudyUITests" */ = {
			isa = XCConfigurationList;
			buildConfigurations = (
				B53872902C2A36CB004B0A2E /* Debug */,
				B53872912C2A36CB004B0A2E /* Release */,
			);
			defaultConfigurationIsVisible = 0;
			defaultConfigurationName = Release;
		};
/* End XCConfigurationList section */
	};
	rootObject = B53872572C2A36C8004B0A2E /* Project object */;
}
